// !$*UTF8*$!
{
	archiveVersion = 1;
	classes = {
	};
	objectVersion = 56;
	objects = {

/* Begin PBXBuildFile section */
		652345572E509C8E0025746C /* ImportWalletSheet.swift in Sources */ = {isa = PBXBuildFile; fileRef = 652345562E509C8E0025746C /* ImportWalletSheet.swift */; };
		6523455A2E520F9C0025746C /* kase_bip39.c in Sources */ = {isa = PBXBuildFile; fileRef = 652345592E520F9C0025746C /* kase_bip39.c */; };
		6523455C2E521E990025746C /* Extensions.swift in Sources */ = {isa = PBXBuildFile; fileRef = 6523455B2E521E990025746C /* Extensions.swift */; };
		6523455F2E5239D30025746C /* segwit_addr.c in Sources */ = {isa = PBXBuildFile; fileRef = 6523455D2E5239D30025746C /* segwit_addr.c */; };
		652345652E5266610025746C /* kase_bech32_kaspa.c in Sources */ = {isa = PBXBuildFile; fileRef = 652345642E5266610025746C /* kase_bech32_kaspa.c */; };
		652345682E5358110025746C /* kase_transaction.c in Sources */ = {isa = PBXBuildFile; fileRef = 652345672E5358110025746C /* kase_transaction.c */; };
		65FBFAC12E4E39E000759EE3 /* KASE_TesterApp.swift in Sources */ = {isa = PBXBuildFile; fileRef = 65FBFAC02E4E39E000759EE3 /* KASE_TesterApp.swift */; };
		65FBFAC32E4E39E000759EE3 /* ContentView.swift in Sources */ = {isa = PBXBuildFile; fileRef = 65FBFAC22E4E39E000759EE3 /* ContentView.swift */; };
		65FBFAC52E4E39E200759EE3 /* Assets.xcassets in Resources */ = {isa = PBXBuildFile; fileRef = 65FBFAC42E4E39E200759EE3 /* Assets.xcassets */; };
		65FBFAC82E4E39E200759EE3 /* Preview Assets.xcassets in Resources */ = {isa = PBXBuildFile; fileRef = 65FBFAC72E4E39E200759EE3 /* Preview Assets.xcassets */; };
		65FBFAD22E4E39E200759EE3 /* KASE_TesterTests.swift in Sources */ = {isa = PBXBuildFile; fileRef = 65FBFAD12E4E39E200759EE3 /* KASE_TesterTests.swift */; };
		65FBFADC2E4E39E200759EE3 /* KASE_TesterUITests.swift in Sources */ = {isa = PBXBuildFile; fileRef = 65FBFADB2E4E39E200759EE3 /* KASE_TesterUITests.swift */; };
		65FBFADE2E4E39E200759EE3 /* KASE_TesterUITestsLaunchTests.swift in Sources */ = {isa = PBXBuildFile; fileRef = 65FBFADD2E4E39E200759EE3 /* KASE_TesterUITestsLaunchTests.swift */; };
		65FBFB742E4E540100759EE3 /* chacha_merged.c in Sources */ = {isa = PBXBuildFile; fileRef = 65FBFAFD2E4E540100759EE3 /* chacha_merged.c */; };
		65FBFB752E4E540100759EE3 /* chacha20poly1305.c in Sources */ = {isa = PBXBuildFile; fileRef = 65FBFAFE2E4E540100759EE3 /* chacha20poly1305.c */; };
		65FBFB762E4E540100759EE3 /* LICENSE in Resources */ = {isa = PBXBuildFile; fileRef = 65FBFB052E4E540100759EE3 /* LICENSE */; };
		65FBFB772E4E540100759EE3 /* poly1305-donna.c in Sources */ = {isa = PBXBuildFile; fileRef = 65FBFB072E4E540100759EE3 /* poly1305-donna.c */; };
		65FBFB782E4E540100759EE3 /* rfc7539.c in Sources */ = {isa = PBXBuildFile; fileRef = 65FBFB092E4E540100759EE3 /* rfc7539.c */; };
		65FBFB842E4E540100759EE3 /* address.c in Sources */ = {isa = PBXBuildFile; fileRef = 65FBFB272E4E540100759EE3 /* address.c */; };
		65FBFB852E4E540100759EE3 /* base58.c in Sources */ = {isa = PBXBuildFile; fileRef = 65FBFB292E4E540100759EE3 /* base58.c */; };
		65FBFB862E4E540100759EE3 /* bignum.c in Sources */ = {isa = PBXBuildFile; fileRef = 65FBFB2B2E4E540100759EE3 /* bignum.c */; };
		65FBFB872E4E540100759EE3 /* bip32.c in Sources */ = {isa = PBXBuildFile; fileRef = 65FBFB2D2E4E540100759EE3 /* bip32.c */; };
		65FBFB882E4E540100759EE3 /* bip39_english.c in Sources */ = {isa = PBXBuildFile; fileRef = 65FBFB2F2E4E540100759EE3 /* bip39_english.c */; };
		65FBFB892E4E540100759EE3 /* bip39.c in Sources */ = {isa = PBXBuildFile; fileRef = 65FBFB302E4E540100759EE3 /* bip39.c */; };
		65FBFB8D2E4E540100759EE3 /* curves.c in Sources */ = {isa = PBXBuildFile; fileRef = 65FBFB3A2E4E540100759EE3 /* curves.c */; };
		65FBFB8E2E4E540100759EE3 /* ecdsa.c in Sources */ = {isa = PBXBuildFile; fileRef = 65FBFB3C2E4E540100759EE3 /* ecdsa.c */; };
		65FBFB902E4E540100759EE3 /* hasher.c in Sources */ = {isa = PBXBuildFile; fileRef = 65FBFB412E4E540100759EE3 /* hasher.c */; };
		65FBFB912E4E540100759EE3 /* hmac_drbg.c in Sources */ = {isa = PBXBuildFile; fileRef = 65FBFB432E4E540100759EE3 /* hmac_drbg.c */; };
		65FBFB922E4E540100759EE3 /* hmac.c in Sources */ = {isa = PBXBuildFile; fileRef = 65FBFB452E4E540100759EE3 /* hmac.c */; };
		65FBFB932E4E540100759EE3 /* memzero.c in Sources */ = {isa = PBXBuildFile; fileRef = 65FBFB472E4E540100759EE3 /* memzero.c */; };
		65FBFB942E4E540100759EE3 /* nist256p1.c in Sources */ = {isa = PBXBuildFile; fileRef = 65FBFB492E4E540100759EE3 /* nist256p1.c */; };
		65FBFB962E4E540100759EE3 /* pbkdf2.c in Sources */ = {isa = PBXBuildFile; fileRef = 65FBFB4D2E4E540100759EE3 /* pbkdf2.c */; };
		65FBFB972E4E540100759EE3 /* rand.c in Sources */ = {isa = PBXBuildFile; fileRef = 65FBFB4F2E4E540100759EE3 /* rand.c */; };
		65FBFB982E4E540100759EE3 /* rfc6979.c in Sources */ = {isa = PBXBuildFile; fileRef = 65FBFB512E4E540100759EE3 /* rfc6979.c */; };
		65FBFB992E4E540100759EE3 /* ripemd160.c in Sources */ = {isa = PBXBuildFile; fileRef = 65FBFB532E4E540100759EE3 /* ripemd160.c */; };
		65FBFB9A2E4E540100759EE3 /* script.c in Sources */ = {isa = PBXBuildFile; fileRef = 65FBFB552E4E540100759EE3 /* script.c */; };
		65FBFB9B2E4E540100759EE3 /* secp256k1.c in Sources */ = {isa = PBXBuildFile; fileRef = 65FBFB572E4E540100759EE3 /* secp256k1.c */; };
		65FBFB9C2E4E540100759EE3 /* sha2.c in Sources */ = {isa = PBXBuildFile; fileRef = 65FBFB592E4E540100759EE3 /* sha2.c */; };
		65FBFB9D2E4E540100759EE3 /* sha3.c in Sources */ = {isa = PBXBuildFile; fileRef = 65FBFB5B2E4E540100759EE3 /* sha3.c */; };
		65FBFB9F2E4E540100759EE3 /* kase_crypto.c in Sources */ = {isa = PBXBuildFile; fileRef = 65FBFB5F2E4E540100759EE3 /* kase_crypto.c */; };
		65FBFBA02E4E540100759EE3 /* kase_hkdf.c in Sources */ = {isa = PBXBuildFile; fileRef = 65FBFB612E4E540100759EE3 /* kase_hkdf.c */; };
		65FBFBA12E4E540100759EE3 /* kase_protocol.c in Sources */ = {isa = PBXBuildFile; fileRef = 65FBFB632E4E540100759EE3 /* kase_protocol.c */; };
		65FBFBA22E4E540100759EE3 /* kase_random.c in Sources */ = {isa = PBXBuildFile; fileRef = 65FBFB652E4E540100759EE3 /* kase_random.c */; };
		65FBFBA32E4E540100759EE3 /* kase_sha256.c in Sources */ = {isa = PBXBuildFile; fileRef = 65FBFB672E4E540100759EE3 /* kase_sha256.c */; };
		65FBFBA42E4E540100759EE3 /* kase_wallet.c in Sources */ = {isa = PBXBuildFile; fileRef = 65FBFB692E4E540100759EE3 /* kase_wallet.c */; };
		65FBFBA82E4E54B600759EE3 /* WalletBridge.swift in Sources */ = {isa = PBXBuildFile; fileRef = 65FBFBA62E4E54B600759EE3 /* WalletBridge.swift */; };
		65FBFBAB2E4E54C200759EE3 /* WalletStorage.swift in Sources */ = {isa = PBXBuildFile; fileRef = 65FBFBA92E4E54C200759EE3 /* WalletStorage.swift */; };
		65FBFBB32E4E54D000759EE3 /* MainTabView.swift in Sources */ = {isa = PBXBuildFile; fileRef = 65FBFBAD2E4E54D000759EE3 /* MainTabView.swift */; };
		65FBFBB42E4E54D000759EE3 /* SettingsView.swift in Sources */ = {isa = PBXBuildFile; fileRef = 65FBFBAE2E4E54D000759EE3 /* SettingsView.swift */; };
		65FBFBB52E4E54D000759EE3 /* WalletSetupScreen.swift in Sources */ = {isa = PBXBuildFile; fileRef = 65FBFBAF2E4E54D000759EE3 /* WalletSetupScreen.swift */; };
		65FBFBB62E4E54D000759EE3 /* WalletViewer.swift in Sources */ = {isa = PBXBuildFile; fileRef = 65FBFBB02E4E54D000759EE3 /* WalletViewer.swift */; };
		65FBFBB82E4E56B400759EE3 /* Models.swift in Sources */ = {isa = PBXBuildFile; fileRef = 65FBFBB72E4E56B400759EE3 /* Models.swift */; };
		65FBFBE62E4F2BA200759EE3 /* blake2b.c in Sources */ = {isa = PBXBuildFile; fileRef = 65FBFBE12E4F2BA200759EE3 /* blake2b.c */; };
		65FBFBE72E4F2BA200759EE3 /* blake256.c in Sources */ = {isa = PBXBuildFile; fileRef = 65FBFBE52E4F2BA200759EE3 /* blake256.c */; };
		65FBFBEA2E4F2BED00759EE3 /* cardano.c in Sources */ = {isa = PBXBuildFile; fileRef = 65FBFBE92E4F2BED00759EE3 /* cardano.c */; };
		65FBFBED2E4F2C1200759EE3 /* groestl.c in Sources */ = {isa = PBXBuildFile; fileRef = 65FBFBEB2E4F2C1200759EE3 /* groestl.c */; };
		65FBFC092E4F2C5B00759EE3 /* curve25519-donna-32bit.c in Sources */ = {isa = PBXBuildFile; fileRef = 65FBFBEE2E4F2C5B00759EE3 /* curve25519-donna-32bit.c */; };
		65FBFC0A2E4F2C5B00759EE3 /* curve25519-donna-helpers.c in Sources */ = {isa = PBXBuildFile; fileRef = 65FBFBF02E4F2C5B00759EE3 /* curve25519-donna-helpers.c */; };
		65FBFC0B2E4F2C5B00759EE3 /* curve25519-donna-scalarmult-base.c in Sources */ = {isa = PBXBuildFile; fileRef = 65FBFBF22E4F2C5B00759EE3 /* curve25519-donna-scalarmult-base.c */; };
		65FBFC0C2E4F2C5B00759EE3 /* ed25519-donna-32bit-tables.c in Sources */ = {isa = PBXBuildFile; fileRef = 65FBFBF42E4F2C5B00759EE3 /* ed25519-donna-32bit-tables.c */; };
		65FBFC0D2E4F2C5B00759EE3 /* ed25519-donna-basepoint-table.c in Sources */ = {isa = PBXBuildFile; fileRef = 65FBFBF62E4F2C5B00759EE3 /* ed25519-donna-basepoint-table.c */; };
		65FBFC0E2E4F2C5B00759EE3 /* ed25519-donna-impl-base.c in Sources */ = {isa = PBXBuildFile; fileRef = 65FBFBF82E4F2C5B00759EE3 /* ed25519-donna-impl-base.c */; };
		65FBFC0F2E4F2C5B00759EE3 /* ed25519-keccak.c in Sources */ = {isa = PBXBuildFile; fileRef = 65FBFBFF2E4F2C5B00759EE3 /* ed25519-keccak.c */; };
		65FBFC102E4F2C5B00759EE3 /* ed25519-sha3.c in Sources */ = {isa = PBXBuildFile; fileRef = 65FBFC012E4F2C5B00759EE3 /* ed25519-sha3.c */; };
		65FBFC112E4F2C5B00759EE3 /* ed25519.c in Sources */ = {isa = PBXBuildFile; fileRef = 65FBFC032E4F2C5B00759EE3 /* ed25519.c */; };
		65FBFC122E4F2C5B00759EE3 /* modm-donna-32bit.c in Sources */ = {isa = PBXBuildFile; fileRef = 65FBFC052E4F2C5B00759EE3 /* modm-donna-32bit.c */; };
		65FBFC132E4F2C5B00759EE3 /* README.md in Resources */ = {isa = PBXBuildFile; fileRef = 65FBFC072E4F2C5B00759EE3 /* README.md */; };
		65FBFC152E4F384400759EE3 /* ActionsView.swift in Sources */ = {isa = PBXBuildFile; fileRef = 65FBFC142E4F384400759EE3 /* ActionsView.swift */; };
/* End PBXBuildFile section */

/* Begin PBXContainerItemProxy section */
		65FBFACE2E4E39E200759EE3 /* PBXContainerItemProxy */ = {
			isa = PBXContainerItemProxy;
			containerPortal = 65FBFAB52E4E39DF00759EE3 /* Project object */;
			proxyType = 1;
			remoteGlobalIDString = 65FBFABC2E4E39E000759EE3;
			remoteInfo = "KASE-Tester";
		};
		65FBFAD82E4E39E200759EE3 /* PBXContainerItemProxy */ = {
			isa = PBXContainerItemProxy;
			containerPortal = 65FBFAB52E4E39DF00759EE3 /* Project object */;
			proxyType = 1;
			remoteGlobalIDString = 65FBFABC2E4E39E000759EE3;
			remoteInfo = "KASE-Tester";
		};
/* End PBXContainerItemProxy section */

/* Begin PBXFileReference section */
		652345562E509C8E0025746C /* ImportWalletSheet.swift */ = {isa = PBXFileReference; lastKnownFileType = sourcecode.swift; path = ImportWalletSheet.swift; sourceTree = "<group>"; };
		652345582E520F9C0025746C /* kase_bip39.h */ = {isa = PBXFileReference; lastKnownFileType = sourcecode.c.h; path = kase_bip39.h; sourceTree = "<group>"; };
		652345592E520F9C0025746C /* kase_bip39.c */ = {isa = PBXFileReference; lastKnownFileType = sourcecode.c.c; path = kase_bip39.c; sourceTree = "<group>"; };
		6523455B2E521E990025746C /* Extensions.swift */ = {isa = PBXFileReference; lastKnownFileType = sourcecode.swift; path = Extensions.swift; sourceTree = "<group>"; };
		6523455D2E5239D30025746C /* segwit_addr.c */ = {isa = PBXFileReference; fileEncoding = 4; lastKnownFileType = sourcecode.c.c; path = segwit_addr.c; sourceTree = "<group>"; };
		6523455E2E5239D30025746C /* segwit_addr.h */ = {isa = PBXFileReference; fileEncoding = 4; lastKnownFileType = sourcecode.c.h; path = segwit_addr.h; sourceTree = "<group>"; };
		652345632E5266610025746C /* kase_bech32_kaspa.h */ = {isa = PBXFileReference; lastKnownFileType = sourcecode.c.h; path = kase_bech32_kaspa.h; sourceTree = "<group>"; };
		652345642E5266610025746C /* kase_bech32_kaspa.c */ = {isa = PBXFileReference; lastKnownFileType = sourcecode.c.c; path = kase_bech32_kaspa.c; sourceTree = "<group>"; };
		652345662E5358110025746C /* kase_transaction.h */ = {isa = PBXFileReference; lastKnownFileType = sourcecode.c.h; path = kase_transaction.h; sourceTree = "<group>"; };
		652345672E5358110025746C /* kase_transaction.c */ = {isa = PBXFileReference; lastKnownFileType = sourcecode.c.c; path = kase_transaction.c; sourceTree = "<group>"; };
		65FBFABD2E4E39E000759EE3 /* KASE-Tester.app */ = {isa = PBXFileReference; explicitFileType = wrapper.application; includeInIndex = 0; path = "KASE-Tester.app"; sourceTree = BUILT_PRODUCTS_DIR; };
		65FBFAC02E4E39E000759EE3 /* KASE_TesterApp.swift */ = {isa = PBXFileReference; lastKnownFileType = sourcecode.swift; path = KASE_TesterApp.swift; sourceTree = "<group>"; };
		65FBFAC22E4E39E000759EE3 /* ContentView.swift */ = {isa = PBXFileReference; lastKnownFileType = sourcecode.swift; path = ContentView.swift; sourceTree = "<group>"; };
		65FBFAC42E4E39E200759EE3 /* Assets.xcassets */ = {isa = PBXFileReference; lastKnownFileType = folder.assetcatalog; path = Assets.xcassets; sourceTree = "<group>"; };
		65FBFAC72E4E39E200759EE3 /* Preview Assets.xcassets */ = {isa = PBXFileReference; lastKnownFileType = folder.assetcatalog; path = "Preview Assets.xcassets"; sourceTree = "<group>"; };
		65FBFACD2E4E39E200759EE3 /* KASE-TesterTests.xctest */ = {isa = PBXFileReference; explicitFileType = wrapper.cfbundle; includeInIndex = 0; path = "KASE-TesterTests.xctest"; sourceTree = BUILT_PRODUCTS_DIR; };
		65FBFAD12E4E39E200759EE3 /* KASE_TesterTests.swift */ = {isa = PBXFileReference; lastKnownFileType = sourcecode.swift; path = KASE_TesterTests.swift; sourceTree = "<group>"; };
		65FBFAD72E4E39E200759EE3 /* KASE-TesterUITests.xctest */ = {isa = PBXFileReference; explicitFileType = wrapper.cfbundle; includeInIndex = 0; path = "KASE-TesterUITests.xctest"; sourceTree = BUILT_PRODUCTS_DIR; };
		65FBFADB2E4E39E200759EE3 /* KASE_TesterUITests.swift */ = {isa = PBXFileReference; lastKnownFileType = sourcecode.swift; path = KASE_TesterUITests.swift; sourceTree = "<group>"; };
		65FBFADD2E4E39E200759EE3 /* KASE_TesterUITestsLaunchTests.swift */ = {isa = PBXFileReference; lastKnownFileType = sourcecode.swift; path = KASE_TesterUITestsLaunchTests.swift; sourceTree = "<group>"; };
		65FBFAFD2E4E540100759EE3 /* chacha_merged.c */ = {isa = PBXFileReference; fileEncoding = 4; lastKnownFileType = sourcecode.c.c; path = chacha_merged.c; sourceTree = "<group>"; };
		65FBFAFE2E4E540100759EE3 /* chacha20poly1305.c */ = {isa = PBXFileReference; fileEncoding = 4; lastKnownFileType = sourcecode.c.c; path = chacha20poly1305.c; sourceTree = "<group>"; };
		65FBFAFF2E4E540100759EE3 /* chacha20poly1305.h */ = {isa = PBXFileReference; fileEncoding = 4; lastKnownFileType = sourcecode.c.h; path = chacha20poly1305.h; sourceTree = "<group>"; };
		65FBFB002E4E540100759EE3 /* ecrypt-config.h */ = {isa = PBXFileReference; fileEncoding = 4; lastKnownFileType = sourcecode.c.h; path = "ecrypt-config.h"; sourceTree = "<group>"; };
		65FBFB012E4E540100759EE3 /* ecrypt-machine.h */ = {isa = PBXFileReference; fileEncoding = 4; lastKnownFileType = sourcecode.c.h; path = "ecrypt-machine.h"; sourceTree = "<group>"; };
		65FBFB022E4E540100759EE3 /* ecrypt-portable.h */ = {isa = PBXFileReference; fileEncoding = 4; lastKnownFileType = sourcecode.c.h; path = "ecrypt-portable.h"; sourceTree = "<group>"; };
		65FBFB032E4E540100759EE3 /* ecrypt-sync.h */ = {isa = PBXFileReference; fileEncoding = 4; lastKnownFileType = sourcecode.c.h; path = "ecrypt-sync.h"; sourceTree = "<group>"; };
		65FBFB042E4E540100759EE3 /* ecrypt-types.h */ = {isa = PBXFileReference; fileEncoding = 4; lastKnownFileType = sourcecode.c.h; path = "ecrypt-types.h"; sourceTree = "<group>"; };
		65FBFB052E4E540100759EE3 /* LICENSE */ = {isa = PBXFileReference; fileEncoding = 4; lastKnownFileType = text; path = LICENSE; sourceTree = "<group>"; };
		65FBFB062E4E540100759EE3 /* poly1305-donna-32.h */ = {isa = PBXFileReference; fileEncoding = 4; lastKnownFileType = sourcecode.c.h; path = "poly1305-donna-32.h"; sourceTree = "<group>"; };
		65FBFB072E4E540100759EE3 /* poly1305-donna.c */ = {isa = PBXFileReference; fileEncoding = 4; lastKnownFileType = sourcecode.c.c; path = "poly1305-donna.c"; sourceTree = "<group>"; };
		65FBFB082E4E540100759EE3 /* poly1305-donna.h */ = {isa = PBXFileReference; fileEncoding = 4; lastKnownFileType = sourcecode.c.h; path = "poly1305-donna.h"; sourceTree = "<group>"; };
		65FBFB092E4E540100759EE3 /* rfc7539.c */ = {isa = PBXFileReference; fileEncoding = 4; lastKnownFileType = sourcecode.c.c; path = rfc7539.c; sourceTree = "<group>"; };
		65FBFB0A2E4E540100759EE3 /* rfc7539.h */ = {isa = PBXFileReference; fileEncoding = 4; lastKnownFileType = sourcecode.c.h; path = rfc7539.h; sourceTree = "<group>"; };
		65FBFB272E4E540100759EE3 /* address.c */ = {isa = PBXFileReference; fileEncoding = 4; lastKnownFileType = sourcecode.c.c; path = address.c; sourceTree = "<group>"; };
		65FBFB282E4E540100759EE3 /* address.h */ = {isa = PBXFileReference; fileEncoding = 4; lastKnownFileType = sourcecode.c.h; path = address.h; sourceTree = "<group>"; };
		65FBFB292E4E540100759EE3 /* base58.c */ = {isa = PBXFileReference; fileEncoding = 4; lastKnownFileType = sourcecode.c.c; path = base58.c; sourceTree = "<group>"; };
		65FBFB2A2E4E540100759EE3 /* base58.h */ = {isa = PBXFileReference; fileEncoding = 4; lastKnownFileType = sourcecode.c.h; path = base58.h; sourceTree = "<group>"; };
		65FBFB2B2E4E540100759EE3 /* bignum.c */ = {isa = PBXFileReference; fileEncoding = 4; lastKnownFileType = sourcecode.c.c; path = bignum.c; sourceTree = "<group>"; };
		65FBFB2C2E4E540100759EE3 /* bignum.h */ = {isa = PBXFileReference; fileEncoding = 4; lastKnownFileType = sourcecode.c.h; path = bignum.h; sourceTree = "<group>"; };
		65FBFB2D2E4E540100759EE3 /* bip32.c */ = {isa = PBXFileReference; fileEncoding = 4; lastKnownFileType = sourcecode.c.c; path = bip32.c; sourceTree = "<group>"; };
		65FBFB2E2E4E540100759EE3 /* bip32.h */ = {isa = PBXFileReference; fileEncoding = 4; lastKnownFileType = sourcecode.c.h; path = bip32.h; sourceTree = "<group>"; };
		65FBFB2F2E4E540100759EE3 /* bip39_english.c */ = {isa = PBXFileReference; fileEncoding = 4; lastKnownFileType = sourcecode.c.c; path = bip39_english.c; sourceTree = "<group>"; };
		65FBFB302E4E540100759EE3 /* bip39.c */ = {isa = PBXFileReference; fileEncoding = 4; lastKnownFileType = sourcecode.c.c; path = bip39.c; sourceTree = "<group>"; };
		65FBFB312E4E540100759EE3 /* bip39.h */ = {isa = PBXFileReference; fileEncoding = 4; lastKnownFileType = sourcecode.c.h; path = bip39.h; sourceTree = "<group>"; };
		65FBFB372E4E540100759EE3 /* byte_order.h */ = {isa = PBXFileReference; fileEncoding = 4; lastKnownFileType = sourcecode.c.h; path = byte_order.h; sourceTree = "<group>"; };
		65FBFB3A2E4E540100759EE3 /* curves.c */ = {isa = PBXFileReference; fileEncoding = 4; lastKnownFileType = sourcecode.c.c; path = curves.c; sourceTree = "<group>"; };
		65FBFB3B2E4E540100759EE3 /* curves.h */ = {isa = PBXFileReference; fileEncoding = 4; lastKnownFileType = sourcecode.c.h; path = curves.h; sourceTree = "<group>"; };
		65FBFB3C2E4E540100759EE3 /* ecdsa.c */ = {isa = PBXFileReference; fileEncoding = 4; lastKnownFileType = sourcecode.c.c; path = ecdsa.c; sourceTree = "<group>"; };
		65FBFB3D2E4E540100759EE3 /* ecdsa.h */ = {isa = PBXFileReference; fileEncoding = 4; lastKnownFileType = sourcecode.c.h; path = ecdsa.h; sourceTree = "<group>"; };
		65FBFB3E2E4E540100759EE3 /* groestl_internal.h */ = {isa = PBXFileReference; fileEncoding = 4; lastKnownFileType = sourcecode.c.h; path = groestl_internal.h; sourceTree = "<group>"; };
		65FBFB412E4E540100759EE3 /* hasher.c */ = {isa = PBXFileReference; fileEncoding = 4; lastKnownFileType = sourcecode.c.c; path = hasher.c; sourceTree = "<group>"; };
		65FBFB422E4E540100759EE3 /* hasher.h */ = {isa = PBXFileReference; fileEncoding = 4; lastKnownFileType = sourcecode.c.h; path = hasher.h; sourceTree = "<group>"; };
		65FBFB432E4E540100759EE3 /* hmac_drbg.c */ = {isa = PBXFileReference; fileEncoding = 4; lastKnownFileType = sourcecode.c.c; path = hmac_drbg.c; sourceTree = "<group>"; };
		65FBFB442E4E540100759EE3 /* hmac_drbg.h */ = {isa = PBXFileReference; fileEncoding = 4; lastKnownFileType = sourcecode.c.h; path = hmac_drbg.h; sourceTree = "<group>"; };
		65FBFB452E4E540100759EE3 /* hmac.c */ = {isa = PBXFileReference; fileEncoding = 4; lastKnownFileType = sourcecode.c.c; path = hmac.c; sourceTree = "<group>"; };
		65FBFB462E4E540100759EE3 /* hmac.h */ = {isa = PBXFileReference; fileEncoding = 4; lastKnownFileType = sourcecode.c.h; path = hmac.h; sourceTree = "<group>"; };
		65FBFB472E4E540100759EE3 /* memzero.c */ = {isa = PBXFileReference; fileEncoding = 4; lastKnownFileType = sourcecode.c.c; path = memzero.c; sourceTree = "<group>"; };
		65FBFB482E4E540100759EE3 /* memzero.h */ = {isa = PBXFileReference; fileEncoding = 4; lastKnownFileType = sourcecode.c.h; path = memzero.h; sourceTree = "<group>"; };
		65FBFB492E4E540100759EE3 /* nist256p1.c */ = {isa = PBXFileReference; fileEncoding = 4; lastKnownFileType = sourcecode.c.c; path = nist256p1.c; sourceTree = "<group>"; };
		65FBFB4A2E4E540100759EE3 /* nist256p1.h */ = {isa = PBXFileReference; fileEncoding = 4; lastKnownFileType = sourcecode.c.h; path = nist256p1.h; sourceTree = "<group>"; };
		65FBFB4C2E4E540100759EE3 /* options.h */ = {isa = PBXFileReference; fileEncoding = 4; lastKnownFileType = sourcecode.c.h; path = options.h; sourceTree = "<group>"; };
		65FBFB4D2E4E540100759EE3 /* pbkdf2.c */ = {isa = PBXFileReference; fileEncoding = 4; lastKnownFileType = sourcecode.c.c; path = pbkdf2.c; sourceTree = "<group>"; };
		65FBFB4E2E4E540100759EE3 /* pbkdf2.h */ = {isa = PBXFileReference; fileEncoding = 4; lastKnownFileType = sourcecode.c.h; path = pbkdf2.h; sourceTree = "<group>"; };
		65FBFB4F2E4E540100759EE3 /* rand.c */ = {isa = PBXFileReference; fileEncoding = 4; lastKnownFileType = sourcecode.c.c; path = rand.c; sourceTree = "<group>"; };
		65FBFB502E4E540100759EE3 /* rand.h */ = {isa = PBXFileReference; fileEncoding = 4; lastKnownFileType = sourcecode.c.h; path = rand.h; sourceTree = "<group>"; };
		65FBFB512E4E540100759EE3 /* rfc6979.c */ = {isa = PBXFileReference; fileEncoding = 4; lastKnownFileType = sourcecode.c.c; path = rfc6979.c; sourceTree = "<group>"; };
		65FBFB522E4E540100759EE3 /* rfc6979.h */ = {isa = PBXFileReference; fileEncoding = 4; lastKnownFileType = sourcecode.c.h; path = rfc6979.h; sourceTree = "<group>"; };
		65FBFB532E4E540100759EE3 /* ripemd160.c */ = {isa = PBXFileReference; fileEncoding = 4; lastKnownFileType = sourcecode.c.c; path = ripemd160.c; sourceTree = "<group>"; };
		65FBFB542E4E540100759EE3 /* ripemd160.h */ = {isa = PBXFileReference; fileEncoding = 4; lastKnownFileType = sourcecode.c.h; path = ripemd160.h; sourceTree = "<group>"; };
		65FBFB552E4E540100759EE3 /* script.c */ = {isa = PBXFileReference; fileEncoding = 4; lastKnownFileType = sourcecode.c.c; path = script.c; sourceTree = "<group>"; };
		65FBFB562E4E540100759EE3 /* script.h */ = {isa = PBXFileReference; fileEncoding = 4; lastKnownFileType = sourcecode.c.h; path = script.h; sourceTree = "<group>"; };
		65FBFB572E4E540100759EE3 /* secp256k1.c */ = {isa = PBXFileReference; fileEncoding = 4; lastKnownFileType = sourcecode.c.c; path = secp256k1.c; sourceTree = "<group>"; };
		65FBFB582E4E540100759EE3 /* secp256k1.h */ = {isa = PBXFileReference; fileEncoding = 4; lastKnownFileType = sourcecode.c.h; path = secp256k1.h; sourceTree = "<group>"; };
		65FBFB592E4E540100759EE3 /* sha2.c */ = {isa = PBXFileReference; fileEncoding = 4; lastKnownFileType = sourcecode.c.c; path = sha2.c; sourceTree = "<group>"; };
		65FBFB5A2E4E540100759EE3 /* sha2.h */ = {isa = PBXFileReference; fileEncoding = 4; lastKnownFileType = sourcecode.c.h; path = sha2.h; sourceTree = "<group>"; };
		65FBFB5B2E4E540100759EE3 /* sha3.c */ = {isa = PBXFileReference; fileEncoding = 4; lastKnownFileType = sourcecode.c.c; path = sha3.c; sourceTree = "<group>"; };
		65FBFB5C2E4E540100759EE3 /* sha3.h */ = {isa = PBXFileReference; fileEncoding = 4; lastKnownFileType = sourcecode.c.h; path = sha3.h; sourceTree = "<group>"; };
		65FBFB5F2E4E540100759EE3 /* kase_crypto.c */ = {isa = PBXFileReference; fileEncoding = 4; lastKnownFileType = sourcecode.c.c; path = kase_crypto.c; sourceTree = "<group>"; };
		65FBFB602E4E540100759EE3 /* kase_crypto.h */ = {isa = PBXFileReference; fileEncoding = 4; lastKnownFileType = sourcecode.c.h; path = kase_crypto.h; sourceTree = "<group>"; };
		65FBFB612E4E540100759EE3 /* kase_hkdf.c */ = {isa = PBXFileReference; fileEncoding = 4; lastKnownFileType = sourcecode.c.c; path = kase_hkdf.c; sourceTree = "<group>"; };
		65FBFB622E4E540100759EE3 /* kase_hkdf.h */ = {isa = PBXFileReference; fileEncoding = 4; lastKnownFileType = sourcecode.c.h; path = kase_hkdf.h; sourceTree = "<group>"; };
		65FBFB632E4E540100759EE3 /* kase_protocol.c */ = {isa = PBXFileReference; fileEncoding = 4; lastKnownFileType = sourcecode.c.c; path = kase_protocol.c; sourceTree = "<group>"; };
		65FBFB642E4E540100759EE3 /* kase_protocol.h */ = {isa = PBXFileReference; fileEncoding = 4; lastKnownFileType = sourcecode.c.h; path = kase_protocol.h; sourceTree = "<group>"; };
		65FBFB652E4E540100759EE3 /* kase_random.c */ = {isa = PBXFileReference; fileEncoding = 4; lastKnownFileType = sourcecode.c.c; path = kase_random.c; sourceTree = "<group>"; };
		65FBFB662E4E540100759EE3 /* kase_random.h */ = {isa = PBXFileReference; fileEncoding = 4; lastKnownFileType = sourcecode.c.h; path = kase_random.h; sourceTree = "<group>"; };
		65FBFB672E4E540100759EE3 /* kase_sha256.c */ = {isa = PBXFileReference; fileEncoding = 4; lastKnownFileType = sourcecode.c.c; path = kase_sha256.c; sourceTree = "<group>"; };
		65FBFB682E4E540100759EE3 /* kase_sha256.h */ = {isa = PBXFileReference; fileEncoding = 4; lastKnownFileType = sourcecode.c.h; path = kase_sha256.h; sourceTree = "<group>"; };
		65FBFB692E4E540100759EE3 /* kase_wallet.c */ = {isa = PBXFileReference; fileEncoding = 4; lastKnownFileType = sourcecode.c.c; path = kase_wallet.c; sourceTree = "<group>"; };
		65FBFB6A2E4E540100759EE3 /* kase_wallet.h */ = {isa = PBXFileReference; fileEncoding = 4; lastKnownFileType = sourcecode.c.h; path = kase_wallet.h; sourceTree = "<group>"; };
		65FBFBA52E4E54B600759EE3 /* kase_wallet-Bridging-Header.h */ = {isa = PBXFileReference; fileEncoding = 4; lastKnownFileType = sourcecode.c.h; path = "kase_wallet-Bridging-Header.h"; sourceTree = "<group>"; };
		65FBFBA62E4E54B600759EE3 /* WalletBridge.swift */ = {isa = PBXFileReference; fileEncoding = 4; lastKnownFileType = sourcecode.swift; path = WalletBridge.swift; sourceTree = "<group>"; };
		65FBFBA92E4E54C200759EE3 /* WalletStorage.swift */ = {isa = PBXFileReference; fileEncoding = 4; lastKnownFileType = sourcecode.swift; path = WalletStorage.swift; sourceTree = "<group>"; };
		65FBFBAD2E4E54D000759EE3 /* MainTabView.swift */ = {isa = PBXFileReference; fileEncoding = 4; lastKnownFileType = sourcecode.swift; path = MainTabView.swift; sourceTree = "<group>"; };
		65FBFBAE2E4E54D000759EE3 /* SettingsView.swift */ = {isa = PBXFileReference; fileEncoding = 4; lastKnownFileType = sourcecode.swift; path = SettingsView.swift; sourceTree = "<group>"; };
		65FBFBAF2E4E54D000759EE3 /* WalletSetupScreen.swift */ = {isa = PBXFileReference; fileEncoding = 4; lastKnownFileType = sourcecode.swift; path = WalletSetupScreen.swift; sourceTree = "<group>"; };
		65FBFBB02E4E54D000759EE3 /* WalletViewer.swift */ = {isa = PBXFileReference; fileEncoding = 4; lastKnownFileType = sourcecode.swift; path = WalletViewer.swift; sourceTree = "<group>"; };
		65FBFBB72E4E56B400759EE3 /* Models.swift */ = {isa = PBXFileReference; fileEncoding = 4; lastKnownFileType = sourcecode.swift; path = Models.swift; sourceTree = "<group>"; };
		65FBFBE12E4F2BA200759EE3 /* blake2b.c */ = {isa = PBXFileReference; fileEncoding = 4; lastKnownFileType = sourcecode.c.c; path = blake2b.c; sourceTree = "<group>"; };
		65FBFBE22E4F2BA200759EE3 /* blake256.h */ = {isa = PBXFileReference; fileEncoding = 4; lastKnownFileType = sourcecode.c.h; path = blake256.h; sourceTree = "<group>"; };
		65FBFBE32E4F2BA200759EE3 /* blake2b.h */ = {isa = PBXFileReference; fileEncoding = 4; lastKnownFileType = sourcecode.c.h; path = blake2b.h; sourceTree = "<group>"; };
		65FBFBE42E4F2BA200759EE3 /* blake2_common.h */ = {isa = PBXFileReference; fileEncoding = 4; lastKnownFileType = sourcecode.c.h; path = blake2_common.h; sourceTree = "<group>"; };
		65FBFBE52E4F2BA200759EE3 /* blake256.c */ = {isa = PBXFileReference; fileEncoding = 4; lastKnownFileType = sourcecode.c.c; path = blake256.c; sourceTree = "<group>"; };
		65FBFBE82E4F2BED00759EE3 /* cardano.h */ = {isa = PBXFileReference; fileEncoding = 4; lastKnownFileType = sourcecode.c.h; path = cardano.h; sourceTree = "<group>"; };
		65FBFBE92E4F2BED00759EE3 /* cardano.c */ = {isa = PBXFileReference; fileEncoding = 4; lastKnownFileType = sourcecode.c.c; path = cardano.c; sourceTree = "<group>"; };
		65FBFBEB2E4F2C1200759EE3 /* groestl.c */ = {isa = PBXFileReference; fileEncoding = 4; lastKnownFileType = sourcecode.c.c; path = groestl.c; sourceTree = "<group>"; };
		65FBFBEC2E4F2C1200759EE3 /* groestl.h */ = {isa = PBXFileReference; fileEncoding = 4; lastKnownFileType = sourcecode.c.h; path = groestl.h; sourceTree = "<group>"; };
		65FBFBEE2E4F2C5B00759EE3 /* curve25519-donna-32bit.c */ = {isa = PBXFileReference; fileEncoding = 4; lastKnownFileType = sourcecode.c.c; path = "curve25519-donna-32bit.c"; sourceTree = "<group>"; };
		65FBFBEF2E4F2C5B00759EE3 /* curve25519-donna-32bit.h */ = {isa = PBXFileReference; fileEncoding = 4; lastKnownFileType = sourcecode.c.h; path = "curve25519-donna-32bit.h"; sourceTree = "<group>"; };
		65FBFBF02E4F2C5B00759EE3 /* curve25519-donna-helpers.c */ = {isa = PBXFileReference; fileEncoding = 4; lastKnownFileType = sourcecode.c.c; path = "curve25519-donna-helpers.c"; sourceTree = "<group>"; };
		65FBFBF12E4F2C5B00759EE3 /* curve25519-donna-helpers.h */ = {isa = PBXFileReference; fileEncoding = 4; lastKnownFileType = sourcecode.c.h; path = "curve25519-donna-helpers.h"; sourceTree = "<group>"; };
		65FBFBF22E4F2C5B00759EE3 /* curve25519-donna-scalarmult-base.c */ = {isa = PBXFileReference; fileEncoding = 4; lastKnownFileType = sourcecode.c.c; path = "curve25519-donna-scalarmult-base.c"; sourceTree = "<group>"; };
		65FBFBF32E4F2C5B00759EE3 /* curve25519-donna-scalarmult-base.h */ = {isa = PBXFileReference; fileEncoding = 4; lastKnownFileType = sourcecode.c.h; path = "curve25519-donna-scalarmult-base.h"; sourceTree = "<group>"; };
		65FBFBF42E4F2C5B00759EE3 /* ed25519-donna-32bit-tables.c */ = {isa = PBXFileReference; fileEncoding = 4; lastKnownFileType = sourcecode.c.c; path = "ed25519-donna-32bit-tables.c"; sourceTree = "<group>"; };
		65FBFBF52E4F2C5B00759EE3 /* ed25519-donna-32bit-tables.h */ = {isa = PBXFileReference; fileEncoding = 4; lastKnownFileType = sourcecode.c.h; path = "ed25519-donna-32bit-tables.h"; sourceTree = "<group>"; };
		65FBFBF62E4F2C5B00759EE3 /* ed25519-donna-basepoint-table.c */ = {isa = PBXFileReference; fileEncoding = 4; lastKnownFileType = sourcecode.c.c; path = "ed25519-donna-basepoint-table.c"; sourceTree = "<group>"; };
		65FBFBF72E4F2C5B00759EE3 /* ed25519-donna-basepoint-table.h */ = {isa = PBXFileReference; fileEncoding = 4; lastKnownFileType = sourcecode.c.h; path = "ed25519-donna-basepoint-table.h"; sourceTree = "<group>"; };
		65FBFBF82E4F2C5B00759EE3 /* ed25519-donna-impl-base.c */ = {isa = PBXFileReference; fileEncoding = 4; lastKnownFileType = sourcecode.c.c; path = "ed25519-donna-impl-base.c"; sourceTree = "<group>"; };
		65FBFBF92E4F2C5B00759EE3 /* ed25519-donna-impl-base.h */ = {isa = PBXFileReference; fileEncoding = 4; lastKnownFileType = sourcecode.c.h; path = "ed25519-donna-impl-base.h"; sourceTree = "<group>"; };
		65FBFBFA2E4F2C5B00759EE3 /* ed25519-donna-portable.h */ = {isa = PBXFileReference; fileEncoding = 4; lastKnownFileType = sourcecode.c.h; path = "ed25519-donna-portable.h"; sourceTree = "<group>"; };
		65FBFBFB2E4F2C5B00759EE3 /* ed25519-donna.h */ = {isa = PBXFileReference; fileEncoding = 4; lastKnownFileType = sourcecode.c.h; path = "ed25519-donna.h"; sourceTree = "<group>"; };
		65FBFBFC2E4F2C5B00759EE3 /* ed25519-hash-custom-keccak.h */ = {isa = PBXFileReference; fileEncoding = 4; lastKnownFileType = sourcecode.c.h; path = "ed25519-hash-custom-keccak.h"; sourceTree = "<group>"; };
		65FBFBFD2E4F2C5B00759EE3 /* ed25519-hash-custom-sha3.h */ = {isa = PBXFileReference; fileEncoding = 4; lastKnownFileType = sourcecode.c.h; path = "ed25519-hash-custom-sha3.h"; sourceTree = "<group>"; };
		65FBFBFE2E4F2C5B00759EE3 /* ed25519-hash-custom.h */ = {isa = PBXFileReference; fileEncoding = 4; lastKnownFileType = sourcecode.c.h; path = "ed25519-hash-custom.h"; sourceTree = "<group>"; };
		65FBFBFF2E4F2C5B00759EE3 /* ed25519-keccak.c */ = {isa = PBXFileReference; fileEncoding = 4; lastKnownFileType = sourcecode.c.c; path = "ed25519-keccak.c"; sourceTree = "<group>"; };
		65FBFC002E4F2C5B00759EE3 /* ed25519-keccak.h */ = {isa = PBXFileReference; fileEncoding = 4; lastKnownFileType = sourcecode.c.h; path = "ed25519-keccak.h"; sourceTree = "<group>"; };
		65FBFC012E4F2C5B00759EE3 /* ed25519-sha3.c */ = {isa = PBXFileReference; fileEncoding = 4; lastKnownFileType = sourcecode.c.c; path = "ed25519-sha3.c"; sourceTree = "<group>"; };
		65FBFC022E4F2C5B00759EE3 /* ed25519-sha3.h */ = {isa = PBXFileReference; fileEncoding = 4; lastKnownFileType = sourcecode.c.h; path = "ed25519-sha3.h"; sourceTree = "<group>"; };
		65FBFC032E4F2C5B00759EE3 /* ed25519.c */ = {isa = PBXFileReference; fileEncoding = 4; lastKnownFileType = sourcecode.c.c; path = ed25519.c; sourceTree = "<group>"; };
		65FBFC042E4F2C5B00759EE3 /* ed25519.h */ = {isa = PBXFileReference; fileEncoding = 4; lastKnownFileType = sourcecode.c.h; path = ed25519.h; sourceTree = "<group>"; };
		65FBFC052E4F2C5B00759EE3 /* modm-donna-32bit.c */ = {isa = PBXFileReference; fileEncoding = 4; lastKnownFileType = sourcecode.c.c; path = "modm-donna-32bit.c"; sourceTree = "<group>"; };
		65FBFC062E4F2C5B00759EE3 /* modm-donna-32bit.h */ = {isa = PBXFileReference; fileEncoding = 4; lastKnownFileType = sourcecode.c.h; path = "modm-donna-32bit.h"; sourceTree = "<group>"; };
		65FBFC072E4F2C5B00759EE3 /* README.md */ = {isa = PBXFileReference; fileEncoding = 4; lastKnownFileType = net.daringfireball.markdown; path = README.md; sourceTree = "<group>"; };
		65FBFC142E4F384400759EE3 /* ActionsView.swift */ = {isa = PBXFileReference; lastKnownFileType = sourcecode.swift; path = ActionsView.swift; sourceTree = "<group>"; };
/* End PBXFileReference section */

/* Begin PBXFrameworksBuildPhase section */
		65FBFABA2E4E39E000759EE3 /* Frameworks */ = {
			isa = PBXFrameworksBuildPhase;
			buildActionMask = 2147483647;
			files = (
			);
			runOnlyForDeploymentPostprocessing = 0;
		};
		65FBFACA2E4E39E200759EE3 /* Frameworks */ = {
			isa = PBXFrameworksBuildPhase;
			buildActionMask = 2147483647;
			files = (
			);
			runOnlyForDeploymentPostprocessing = 0;
		};
		65FBFAD42E4E39E200759EE3 /* Frameworks */ = {
			isa = PBXFrameworksBuildPhase;
			buildActionMask = 2147483647;
			files = (
			);
			runOnlyForDeploymentPostprocessing = 0;
		};
/* End PBXFrameworksBuildPhase section */

/* Begin PBXGroup section */
		65FBFAB42E4E39DF00759EE3 = {
			isa = PBXGroup;
			children = (
				65FBFABF2E4E39E000759EE3 /* KASE-Tester */,
				65FBFAD02E4E39E200759EE3 /* KASE-TesterTests */,
				65FBFADA2E4E39E200759EE3 /* KASE-TesterUITests */,
				65FBFABE2E4E39E000759EE3 /* Products */,
			);
			sourceTree = "<group>";
		};
		65FBFABE2E4E39E000759EE3 /* Products */ = {
			isa = PBXGroup;
			children = (
				65FBFABD2E4E39E000759EE3 /* KASE-Tester.app */,
				65FBFACD2E4E39E200759EE3 /* KASE-TesterTests.xctest */,
				65FBFAD72E4E39E200759EE3 /* KASE-TesterUITests.xctest */,
			);
			name = Products;
			sourceTree = "<group>";
		};
		65FBFABF2E4E39E000759EE3 /* KASE-Tester */ = {
			isa = PBXGroup;
			children = (
				65FBFBB72E4E56B400759EE3 /* Models.swift */,
				6523455B2E521E990025746C /* Extensions.swift */,
				65FBFBB12E4E54D000759EE3 /* Views */,
				65FBFBAA2E4E54C200759EE3 /* Utilities */,
				65FBFBA72E4E54B600759EE3 /* Bridge */,
				65FBFB6B2E4E540100759EE3 /* lib */,
				65FBFAC02E4E39E000759EE3 /* KASE_TesterApp.swift */,
				65FBFAC22E4E39E000759EE3 /* ContentView.swift */,
				65FBFAC42E4E39E200759EE3 /* Assets.xcassets */,
				65FBFAC62E4E39E200759EE3 /* Preview Content */,
			);
			path = "KASE-Tester";
			sourceTree = "<group>";
		};
		65FBFAC62E4E39E200759EE3 /* Preview Content */ = {
			isa = PBXGroup;
			children = (
				65FBFAC72E4E39E200759EE3 /* Preview Assets.xcassets */,
			);
			path = "Preview Content";
			sourceTree = "<group>";
		};
		65FBFAD02E4E39E200759EE3 /* KASE-TesterTests */ = {
			isa = PBXGroup;
			children = (
				65FBFAD12E4E39E200759EE3 /* KASE_TesterTests.swift */,
			);
			path = "KASE-TesterTests";
			sourceTree = "<group>";
		};
		65FBFADA2E4E39E200759EE3 /* KASE-TesterUITests */ = {
			isa = PBXGroup;
			children = (
				65FBFADB2E4E39E200759EE3 /* KASE_TesterUITests.swift */,
				65FBFADD2E4E39E200759EE3 /* KASE_TesterUITestsLaunchTests.swift */,
			);
			path = "KASE-TesterUITests";
			sourceTree = "<group>";
		};
		65FBFB0B2E4E540100759EE3 /* chacha20poly1305 */ = {
			isa = PBXGroup;
			children = (
				65FBFAFD2E4E540100759EE3 /* chacha_merged.c */,
				65FBFAFE2E4E540100759EE3 /* chacha20poly1305.c */,
				65FBFAFF2E4E540100759EE3 /* chacha20poly1305.h */,
				65FBFB002E4E540100759EE3 /* ecrypt-config.h */,
				65FBFB012E4E540100759EE3 /* ecrypt-machine.h */,
				65FBFB022E4E540100759EE3 /* ecrypt-portable.h */,
				65FBFB032E4E540100759EE3 /* ecrypt-sync.h */,
				65FBFB042E4E540100759EE3 /* ecrypt-types.h */,
				65FBFB052E4E540100759EE3 /* LICENSE */,
				65FBFB062E4E540100759EE3 /* poly1305-donna-32.h */,
				65FBFB072E4E540100759EE3 /* poly1305-donna.c */,
				65FBFB082E4E540100759EE3 /* poly1305-donna.h */,
				65FBFB092E4E540100759EE3 /* rfc7539.c */,
				65FBFB0A2E4E540100759EE3 /* rfc7539.h */,
			);
			path = chacha20poly1305;
			sourceTree = "<group>";
		};
		65FBFB5D2E4E540100759EE3 /* crypto */ = {
			isa = PBXGroup;
			children = (
				6523455D2E5239D30025746C /* segwit_addr.c */,
				6523455E2E5239D30025746C /* segwit_addr.h */,
				65FBFC082E4F2C5B00759EE3 /* ed25519-donna */,
				65FBFBEB2E4F2C1200759EE3 /* groestl.c */,
				65FBFBEC2E4F2C1200759EE3 /* groestl.h */,
				65FBFBE92E4F2BED00759EE3 /* cardano.c */,
				65FBFBE82E4F2BED00759EE3 /* cardano.h */,
				65FBFBE42E4F2BA200759EE3 /* blake2_common.h */,
				65FBFBE12E4F2BA200759EE3 /* blake2b.c */,
				65FBFBE32E4F2BA200759EE3 /* blake2b.h */,
				65FBFBE52E4F2BA200759EE3 /* blake256.c */,
				65FBFBE22E4F2BA200759EE3 /* blake256.h */,
				65FBFB0B2E4E540100759EE3 /* chacha20poly1305 */,
				65FBFB272E4E540100759EE3 /* address.c */,
				65FBFB282E4E540100759EE3 /* address.h */,
				65FBFB292E4E540100759EE3 /* base58.c */,
				65FBFB2A2E4E540100759EE3 /* base58.h */,
				65FBFB2B2E4E540100759EE3 /* bignum.c */,
				65FBFB2C2E4E540100759EE3 /* bignum.h */,
				65FBFB2D2E4E540100759EE3 /* bip32.c */,
				65FBFB2E2E4E540100759EE3 /* bip32.h */,
				65FBFB2F2E4E540100759EE3 /* bip39_english.c */,
				65FBFB302E4E540100759EE3 /* bip39.c */,
				65FBFB312E4E540100759EE3 /* bip39.h */,
				65FBFB372E4E540100759EE3 /* byte_order.h */,
				65FBFB3A2E4E540100759EE3 /* curves.c */,
				65FBFB3B2E4E540100759EE3 /* curves.h */,
				65FBFB3C2E4E540100759EE3 /* ecdsa.c */,
				65FBFB3D2E4E540100759EE3 /* ecdsa.h */,
				65FBFB3E2E4E540100759EE3 /* groestl_internal.h */,
				65FBFB412E4E540100759EE3 /* hasher.c */,
				65FBFB422E4E540100759EE3 /* hasher.h */,
				65FBFB432E4E540100759EE3 /* hmac_drbg.c */,
				65FBFB442E4E540100759EE3 /* hmac_drbg.h */,
				65FBFB452E4E540100759EE3 /* hmac.c */,
				65FBFB462E4E540100759EE3 /* hmac.h */,
				65FBFB472E4E540100759EE3 /* memzero.c */,
				65FBFB482E4E540100759EE3 /* memzero.h */,
				65FBFB492E4E540100759EE3 /* nist256p1.c */,
				65FBFB4A2E4E540100759EE3 /* nist256p1.h */,
				65FBFB4C2E4E540100759EE3 /* options.h */,
				65FBFB4D2E4E540100759EE3 /* pbkdf2.c */,
				65FBFB4E2E4E540100759EE3 /* pbkdf2.h */,
				65FBFB4F2E4E540100759EE3 /* rand.c */,
				65FBFB502E4E540100759EE3 /* rand.h */,
				65FBFB512E4E540100759EE3 /* rfc6979.c */,
				65FBFB522E4E540100759EE3 /* rfc6979.h */,
				65FBFB532E4E540100759EE3 /* ripemd160.c */,
				65FBFB542E4E540100759EE3 /* ripemd160.h */,
				65FBFB552E4E540100759EE3 /* script.c */,
				65FBFB562E4E540100759EE3 /* script.h */,
				65FBFB572E4E540100759EE3 /* secp256k1.c */,
				65FBFB582E4E540100759EE3 /* secp256k1.h */,
				65FBFB592E4E540100759EE3 /* sha2.c */,
				65FBFB5A2E4E540100759EE3 /* sha2.h */,
				65FBFB5B2E4E540100759EE3 /* sha3.c */,
				65FBFB5C2E4E540100759EE3 /* sha3.h */,
			);
			path = crypto;
			sourceTree = "<group>";
		};
		65FBFB6B2E4E540100759EE3 /* lib */ = {
			isa = PBXGroup;
			children = (
				65FBFB5D2E4E540100759EE3 /* crypto */,
				65FBFB5F2E4E540100759EE3 /* kase_crypto.c */,
				65FBFB602E4E540100759EE3 /* kase_crypto.h */,
				652345632E5266610025746C /* kase_bech32_kaspa.h */,
				652345642E5266610025746C /* kase_bech32_kaspa.c */,
				65FBFB612E4E540100759EE3 /* kase_hkdf.c */,
				65FBFB622E4E540100759EE3 /* kase_hkdf.h */,
				65FBFB632E4E540100759EE3 /* kase_protocol.c */,
				65FBFB642E4E540100759EE3 /* kase_protocol.h */,
				65FBFB652E4E540100759EE3 /* kase_random.c */,
				65FBFB662E4E540100759EE3 /* kase_random.h */,
				65FBFB672E4E540100759EE3 /* kase_sha256.c */,
				65FBFB682E4E540100759EE3 /* kase_sha256.h */,
				65FBFB692E4E540100759EE3 /* kase_wallet.c */,
				65FBFB6A2E4E540100759EE3 /* kase_wallet.h */,
				652345582E520F9C0025746C /* kase_bip39.h */,
				652345592E520F9C0025746C /* kase_bip39.c */,
				652345662E5358110025746C /* kase_transaction.h */,
				652345672E5358110025746C /* kase_transaction.c */,
			);
			name = lib;
			path = KASE/lib;
			sourceTree = SOURCE_ROOT;
		};
		65FBFBA72E4E54B600759EE3 /* Bridge */ = {
			isa = PBXGroup;
			children = (
				65FBFBA52E4E54B600759EE3 /* kase_wallet-Bridging-Header.h */,
				65FBFBA62E4E54B600759EE3 /* WalletBridge.swift */,
			);
			path = Bridge;
			sourceTree = "<group>";
		};
		65FBFBAA2E4E54C200759EE3 /* Utilities */ = {
			isa = PBXGroup;
			children = (
				65FBFBA92E4E54C200759EE3 /* WalletStorage.swift */,
			);
			path = Utilities;
			sourceTree = "<group>";
		};
		65FBFBB12E4E54D000759EE3 /* Views */ = {
			isa = PBXGroup;
			children = (
				65FBFBAD2E4E54D000759EE3 /* MainTabView.swift */,
				65FBFBAE2E4E54D000759EE3 /* SettingsView.swift */,
				65FBFBAF2E4E54D000759EE3 /* WalletSetupScreen.swift */,
				65FBFBB02E4E54D000759EE3 /* WalletViewer.swift */,
				65FBFC142E4F384400759EE3 /* ActionsView.swift */,
				652345562E509C8E0025746C /* ImportWalletSheet.swift */,
			);
			path = Views;
			sourceTree = "<group>";
		};
		65FBFC082E4F2C5B00759EE3 /* ed25519-donna */ = {
			isa = PBXGroup;
			children = (
				65FBFBEE2E4F2C5B00759EE3 /* curve25519-donna-32bit.c */,
				65FBFBEF2E4F2C5B00759EE3 /* curve25519-donna-32bit.h */,
				65FBFBF02E4F2C5B00759EE3 /* curve25519-donna-helpers.c */,
				65FBFBF12E4F2C5B00759EE3 /* curve25519-donna-helpers.h */,
				65FBFBF22E4F2C5B00759EE3 /* curve25519-donna-scalarmult-base.c */,
				65FBFBF32E4F2C5B00759EE3 /* curve25519-donna-scalarmult-base.h */,
				65FBFBF42E4F2C5B00759EE3 /* ed25519-donna-32bit-tables.c */,
				65FBFBF52E4F2C5B00759EE3 /* ed25519-donna-32bit-tables.h */,
				65FBFBF62E4F2C5B00759EE3 /* ed25519-donna-basepoint-table.c */,
				65FBFBF72E4F2C5B00759EE3 /* ed25519-donna-basepoint-table.h */,
				65FBFBF82E4F2C5B00759EE3 /* ed25519-donna-impl-base.c */,
				65FBFBF92E4F2C5B00759EE3 /* ed25519-donna-impl-base.h */,
				65FBFBFA2E4F2C5B00759EE3 /* ed25519-donna-portable.h */,
				65FBFBFB2E4F2C5B00759EE3 /* ed25519-donna.h */,
				65FBFBFC2E4F2C5B00759EE3 /* ed25519-hash-custom-keccak.h */,
				65FBFBFD2E4F2C5B00759EE3 /* ed25519-hash-custom-sha3.h */,
				65FBFBFE2E4F2C5B00759EE3 /* ed25519-hash-custom.h */,
				65FBFBFF2E4F2C5B00759EE3 /* ed25519-keccak.c */,
				65FBFC002E4F2C5B00759EE3 /* ed25519-keccak.h */,
				65FBFC012E4F2C5B00759EE3 /* ed25519-sha3.c */,
				65FBFC022E4F2C5B00759EE3 /* ed25519-sha3.h */,
				65FBFC032E4F2C5B00759EE3 /* ed25519.c */,
				65FBFC042E4F2C5B00759EE3 /* ed25519.h */,
				65FBFC052E4F2C5B00759EE3 /* modm-donna-32bit.c */,
				65FBFC062E4F2C5B00759EE3 /* modm-donna-32bit.h */,
				65FBFC072E4F2C5B00759EE3 /* README.md */,
			);
			path = "ed25519-donna";
			sourceTree = "<group>";
		};
/* End PBXGroup section */

/* Begin PBXNativeTarget section */
		65FBFABC2E4E39E000759EE3 /* KASE-Tester */ = {
			isa = PBXNativeTarget;
			buildConfigurationList = 65FBFAE12E4E39E200759EE3 /* Build configuration list for PBXNativeTarget "KASE-Tester" */;
			buildPhases = (
				65FBFAB92E4E39E000759EE3 /* Sources */,
				65FBFABA2E4E39E000759EE3 /* Frameworks */,
				65FBFABB2E4E39E000759EE3 /* Resources */,
			);
			buildRules = (
			);
			dependencies = (
			);
			name = "KASE-Tester";
			productName = "KASE-Tester";
			productReference = 65FBFABD2E4E39E000759EE3 /* KASE-Tester.app */;
			productType = "com.apple.product-type.application";
		};
		65FBFACC2E4E39E200759EE3 /* KASE-TesterTests */ = {
			isa = PBXNativeTarget;
			buildConfigurationList = 65FBFAE42E4E39E200759EE3 /* Build configuration list for PBXNativeTarget "KASE-TesterTests" */;
			buildPhases = (
				65FBFAC92E4E39E200759EE3 /* Sources */,
				65FBFACA2E4E39E200759EE3 /* Frameworks */,
				65FBFACB2E4E39E200759EE3 /* Resources */,
			);
			buildRules = (
			);
			dependencies = (
				65FBFACF2E4E39E200759EE3 /* PBXTargetDependency */,
			);
			name = "KASE-TesterTests";
			productName = "KASE-TesterTests";
			productReference = 65FBFACD2E4E39E200759EE3 /* KASE-TesterTests.xctest */;
			productType = "com.apple.product-type.bundle.unit-test";
		};
		65FBFAD62E4E39E200759EE3 /* KASE-TesterUITests */ = {
			isa = PBXNativeTarget;
			buildConfigurationList = 65FBFAE72E4E39E200759EE3 /* Build configuration list for PBXNativeTarget "KASE-TesterUITests" */;
			buildPhases = (
				65FBFAD32E4E39E200759EE3 /* Sources */,
				65FBFAD42E4E39E200759EE3 /* Frameworks */,
				65FBFAD52E4E39E200759EE3 /* Resources */,
			);
			buildRules = (
			);
			dependencies = (
				65FBFAD92E4E39E200759EE3 /* PBXTargetDependency */,
			);
			name = "KASE-TesterUITests";
			productName = "KASE-TesterUITests";
			productReference = 65FBFAD72E4E39E200759EE3 /* KASE-TesterUITests.xctest */;
			productType = "com.apple.product-type.bundle.ui-testing";
		};
/* End PBXNativeTarget section */

/* Begin PBXProject section */
		65FBFAB52E4E39DF00759EE3 /* Project object */ = {
			isa = PBXProject;
			attributes = {
				BuildIndependentTargetsInParallel = 1;
				LastSwiftUpdateCheck = 1540;
				LastUpgradeCheck = 1540;
				TargetAttributes = {
					65FBFABC2E4E39E000759EE3 = {
						CreatedOnToolsVersion = 15.4;
					};
					65FBFACC2E4E39E200759EE3 = {
						CreatedOnToolsVersion = 15.4;
						TestTargetID = 65FBFABC2E4E39E000759EE3;
					};
					65FBFAD62E4E39E200759EE3 = {
						CreatedOnToolsVersion = 15.4;
						TestTargetID = 65FBFABC2E4E39E000759EE3;
					};
				};
			};
			buildConfigurationList = 65FBFAB82E4E39DF00759EE3 /* Build configuration list for PBXProject "KASE-Tester" */;
			compatibilityVersion = "Xcode 14.0";
			developmentRegion = en;
			hasScannedForEncodings = 0;
			knownRegions = (
				en,
				Base,
			);
			mainGroup = 65FBFAB42E4E39DF00759EE3;
			productRefGroup = 65FBFABE2E4E39E000759EE3 /* Products */;
			projectDirPath = "";
			projectRoot = "";
			targets = (
				65FBFABC2E4E39E000759EE3 /* KASE-Tester */,
				65FBFACC2E4E39E200759EE3 /* KASE-TesterTests */,
				65FBFAD62E4E39E200759EE3 /* KASE-TesterUITests */,
			);
		};
/* End PBXProject section */

/* Begin PBXResourcesBuildPhase section */
		65FBFABB2E4E39E000759EE3 /* Resources */ = {
			isa = PBXResourcesBuildPhase;
			buildActionMask = 2147483647;
			files = (
				65FBFB762E4E540100759EE3 /* LICENSE in Resources */,
				65FBFAC82E4E39E200759EE3 /* Preview Assets.xcassets in Resources */,
				65FBFC132E4F2C5B00759EE3 /* README.md in Resources */,
				65FBFAC52E4E39E200759EE3 /* Assets.xcassets in Resources */,
			);
			runOnlyForDeploymentPostprocessing = 0;
		};
		65FBFACB2E4E39E200759EE3 /* Resources */ = {
			isa = PBXResourcesBuildPhase;
			buildActionMask = 2147483647;
			files = (
			);
			runOnlyForDeploymentPostprocessing = 0;
		};
		65FBFAD52E4E39E200759EE3 /* Resources */ = {
			isa = PBXResourcesBuildPhase;
			buildActionMask = 2147483647;
			files = (
			);
			runOnlyForDeploymentPostprocessing = 0;
		};
/* End PBXResourcesBuildPhase section */

/* Begin PBXSourcesBuildPhase section */
		65FBFAB92E4E39E000759EE3 /* Sources */ = {
			isa = PBXSourcesBuildPhase;
			buildActionMask = 2147483647;
			files = (
				65FBFB922E4E540100759EE3 /* hmac.c in Sources */,
				65FBFB932E4E540100759EE3 /* memzero.c in Sources */,
				65FBFBA82E4E54B600759EE3 /* WalletBridge.swift in Sources */,
				65FBFC0D2E4F2C5B00759EE3 /* ed25519-donna-basepoint-table.c in Sources */,
				65FBFBED2E4F2C1200759EE3 /* groestl.c in Sources */,
				652345652E5266610025746C /* kase_bech32_kaspa.c in Sources */,
				65FBFC112E4F2C5B00759EE3 /* ed25519.c in Sources */,
				65FBFC0A2E4F2C5B00759EE3 /* curve25519-donna-helpers.c in Sources */,
				6523455C2E521E990025746C /* Extensions.swift in Sources */,
				65FBFB9C2E4E540100759EE3 /* sha2.c in Sources */,
				65FBFB852E4E540100759EE3 /* base58.c in Sources */,
				65FBFC0E2E4F2C5B00759EE3 /* ed25519-donna-impl-base.c in Sources */,
				65FBFC092E4F2C5B00759EE3 /* curve25519-donna-32bit.c in Sources */,
				65FBFAC32E4E39E000759EE3 /* ContentView.swift in Sources */,
				65FBFBA02E4E540100759EE3 /* kase_hkdf.c in Sources */,
				65FBFBB82E4E56B400759EE3 /* Models.swift in Sources */,
				65FBFB8D2E4E540100759EE3 /* curves.c in Sources */,
				65FBFC0F2E4F2C5B00759EE3 /* ed25519-keccak.c in Sources */,
				65FBFB972E4E540100759EE3 /* rand.c in Sources */,
				65FBFBA12E4E540100759EE3 /* kase_protocol.c in Sources */,
				65FBFB8E2E4E540100759EE3 /* ecdsa.c in Sources */,
				65FBFB902E4E540100759EE3 /* hasher.c in Sources */,
				65FBFC0C2E4F2C5B00759EE3 /* ed25519-donna-32bit-tables.c in Sources */,
				65FBFB892E4E540100759EE3 /* bip39.c in Sources */,
				65FBFB862E4E540100759EE3 /* bignum.c in Sources */,
				65FBFC152E4F384400759EE3 /* ActionsView.swift in Sources */,
				65FBFB782E4E540100759EE3 /* rfc7539.c in Sources */,
				65FBFBA22E4E540100759EE3 /* kase_random.c in Sources */,
				65FBFC122E4F2C5B00759EE3 /* modm-donna-32bit.c in Sources */,
				6523455A2E520F9C0025746C /* kase_bip39.c in Sources */,
				65FBFB842E4E540100759EE3 /* address.c in Sources */,
				6523455F2E5239D30025746C /* segwit_addr.c in Sources */,
				65FBFBB42E4E54D000759EE3 /* SettingsView.swift in Sources */,
				652345682E5358110025746C /* kase_transaction.c in Sources */,
				65FBFB942E4E540100759EE3 /* nist256p1.c in Sources */,
				65FBFB772E4E540100759EE3 /* poly1305-donna.c in Sources */,
				652345572E509C8E0025746C /* ImportWalletSheet.swift in Sources */,
				65FBFBB62E4E54D000759EE3 /* WalletViewer.swift in Sources */,
				65FBFB882E4E540100759EE3 /* bip39_english.c in Sources */,
				65FBFB752E4E540100759EE3 /* chacha20poly1305.c in Sources */,
				65FBFB872E4E540100759EE3 /* bip32.c in Sources */,
				65FBFB9A2E4E540100759EE3 /* script.c in Sources */,
				65FBFB9F2E4E540100759EE3 /* kase_crypto.c in Sources */,
				65FBFBB52E4E54D000759EE3 /* WalletSetupScreen.swift in Sources */,
				65FBFBE62E4F2BA200759EE3 /* blake2b.c in Sources */,
				65FBFB912E4E540100759EE3 /* hmac_drbg.c in Sources */,
				65FBFBA42E4E540100759EE3 /* kase_wallet.c in Sources */,
				65FBFBAB2E4E54C200759EE3 /* WalletStorage.swift in Sources */,
				65FBFB9B2E4E540100759EE3 /* secp256k1.c in Sources */,
				65FBFBA32E4E540100759EE3 /* kase_sha256.c in Sources */,
				65FBFB982E4E540100759EE3 /* rfc6979.c in Sources */,
				65FBFB9D2E4E540100759EE3 /* sha3.c in Sources */,
				65FBFC0B2E4F2C5B00759EE3 /* curve25519-donna-scalarmult-base.c in Sources */,
				65FBFB962E4E540100759EE3 /* pbkdf2.c in Sources */,
				65FBFB992E4E540100759EE3 /* ripemd160.c in Sources */,
				65FBFC102E4F2C5B00759EE3 /* ed25519-sha3.c in Sources */,
				65FBFBE72E4F2BA200759EE3 /* blake256.c in Sources */,
				65FBFB742E4E540100759EE3 /* chacha_merged.c in Sources */,
				65FBFAC12E4E39E000759EE3 /* KASE_TesterApp.swift in Sources */,
				65FBFBEA2E4F2BED00759EE3 /* cardano.c in Sources */,
				65FBFBB32E4E54D000759EE3 /* MainTabView.swift in Sources */,
			);
			runOnlyForDeploymentPostprocessing = 0;
		};
		65FBFAC92E4E39E200759EE3 /* Sources */ = {
			isa = PBXSourcesBuildPhase;
			buildActionMask = 2147483647;
			files = (
				65FBFAD22E4E39E200759EE3 /* KASE_TesterTests.swift in Sources */,
			);
			runOnlyForDeploymentPostprocessing = 0;
		};
		65FBFAD32E4E39E200759EE3 /* Sources */ = {
			isa = PBXSourcesBuildPhase;
			buildActionMask = 2147483647;
			files = (
				65FBFADC2E4E39E200759EE3 /* KASE_TesterUITests.swift in Sources */,
				65FBFADE2E4E39E200759EE3 /* KASE_TesterUITestsLaunchTests.swift in Sources */,
			);
			runOnlyForDeploymentPostprocessing = 0;
		};
/* End PBXSourcesBuildPhase section */

/* Begin PBXTargetDependency section */
		65FBFACF2E4E39E200759EE3 /* PBXTargetDependency */ = {
			isa = PBXTargetDependency;
			target = 65FBFABC2E4E39E000759EE3 /* KASE-Tester */;
			targetProxy = 65FBFACE2E4E39E200759EE3 /* PBXContainerItemProxy */;
		};
		65FBFAD92E4E39E200759EE3 /* PBXTargetDependency */ = {
			isa = PBXTargetDependency;
			target = 65FBFABC2E4E39E000759EE3 /* KASE-Tester */;
			targetProxy = 65FBFAD82E4E39E200759EE3 /* PBXContainerItemProxy */;
		};
/* End PBXTargetDependency section */

/* Begin XCBuildConfiguration section */
		65FBFADF2E4E39E200759EE3 /* Debug */ = {
			isa = XCBuildConfiguration;
			buildSettings = {
				ALWAYS_SEARCH_USER_PATHS = NO;
				ASSETCATALOG_COMPILER_GENERATE_SWIFT_ASSET_SYMBOL_EXTENSIONS = YES;
				CLANG_ANALYZER_NONNULL = YES;
				CLANG_ANALYZER_NUMBER_OBJECT_CONVERSION = YES_AGGRESSIVE;
				CLANG_CXX_LANGUAGE_STANDARD = "gnu++20";
				CLANG_ENABLE_MODULES = YES;
				CLANG_ENABLE_OBJC_ARC = YES;
				CLANG_ENABLE_OBJC_WEAK = YES;
				CLANG_WARN_BLOCK_CAPTURE_AUTORELEASING = YES;
				CLANG_WARN_BOOL_CONVERSION = YES;
				CLANG_WARN_COMMA = YES;
				CLANG_WARN_CONSTANT_CONVERSION = YES;
				CLANG_WARN_DEPRECATED_OBJC_IMPLEMENTATIONS = YES;
				CLANG_WARN_DIRECT_OBJC_ISA_USAGE = YES_ERROR;
				CLANG_WARN_DOCUMENTATION_COMMENTS = YES;
				CLANG_WARN_EMPTY_BODY = YES;
				CLANG_WARN_ENUM_CONVERSION = YES;
				CLANG_WARN_INFINITE_RECURSION = YES;
				CLANG_WARN_INT_CONVERSION = YES;
				CLANG_WARN_NON_LITERAL_NULL_CONVERSION = YES;
				CLANG_WARN_OBJC_IMPLICIT_RETAIN_SELF = YES;
				CLANG_WARN_OBJC_LITERAL_CONVERSION = YES;
				CLANG_WARN_OBJC_ROOT_CLASS = YES_ERROR;
				CLANG_WARN_QUOTED_INCLUDE_IN_FRAMEWORK_HEADER = YES;
				CLANG_WARN_RANGE_LOOP_ANALYSIS = YES;
				CLANG_WARN_STRICT_PROTOTYPES = YES;
				CLANG_WARN_SUSPICIOUS_MOVE = YES;
				CLANG_WARN_UNGUARDED_AVAILABILITY = YES_AGGRESSIVE;
				CLANG_WARN_UNREACHABLE_CODE = YES;
				CLANG_WARN__DUPLICATE_METHOD_MATCH = YES;
				COPY_PHASE_STRIP = NO;
				DEBUG_INFORMATION_FORMAT = dwarf;
				ENABLE_STRICT_OBJC_MSGSEND = YES;
				ENABLE_TESTABILITY = YES;
				ENABLE_USER_SCRIPT_SANDBOXING = YES;
				GCC_C_LANGUAGE_STANDARD = gnu17;
				GCC_DYNAMIC_NO_PIC = NO;
				GCC_NO_COMMON_BLOCKS = YES;
				GCC_OPTIMIZATION_LEVEL = 0;
				GCC_PREPROCESSOR_DEFINITIONS = (
					"DEBUG=1",
					"$(inherited)",
				);
				GCC_WARN_64_TO_32_BIT_CONVERSION = YES;
				GCC_WARN_ABOUT_RETURN_TYPE = YES_ERROR;
				GCC_WARN_UNDECLARED_SELECTOR = YES;
				GCC_WARN_UNINITIALIZED_AUTOS = YES_AGGRESSIVE;
				GCC_WARN_UNUSED_FUNCTION = YES;
				GCC_WARN_UNUSED_VARIABLE = YES;
				HEADER_SEARCH_PATHS = (
					"$(PROJECT_DIR)/KASE-Tester/lib",
					"$(PROJECT_DIR)/KASE-Tester/lib/crypto",
				);
				IPHONEOS_DEPLOYMENT_TARGET = 17.5;
				LOCALIZATION_PREFERS_STRING_CATALOGS = YES;
				MTL_ENABLE_DEBUG_INFO = INCLUDE_SOURCE;
				MTL_FAST_MATH = YES;
				ONLY_ACTIVE_ARCH = YES;
				SDKROOT = iphoneos;
				SWIFT_ACTIVE_COMPILATION_CONDITIONS = "DEBUG $(inherited)";
				SWIFT_OPTIMIZATION_LEVEL = "-Onone";
			};
			name = Debug;
		};
		65FBFAE02E4E39E200759EE3 /* Release */ = {
			isa = XCBuildConfiguration;
			buildSettings = {
				ALWAYS_SEARCH_USER_PATHS = NO;
				ASSETCATALOG_COMPILER_GENERATE_SWIFT_ASSET_SYMBOL_EXTENSIONS = YES;
				CLANG_ANALYZER_NONNULL = YES;
				CLANG_ANALYZER_NUMBER_OBJECT_CONVERSION = YES_AGGRESSIVE;
				CLANG_CXX_LANGUAGE_STANDARD = "gnu++20";
				CLANG_ENABLE_MODULES = YES;
				CLANG_ENABLE_OBJC_ARC = YES;
				CLANG_ENABLE_OBJC_WEAK = YES;
				CLANG_WARN_BLOCK_CAPTURE_AUTORELEASING = YES;
				CLANG_WARN_BOOL_CONVERSION = YES;
				CLANG_WARN_COMMA = YES;
				CLANG_WARN_CONSTANT_CONVERSION = YES;
				CLANG_WARN_DEPRECATED_OBJC_IMPLEMENTATIONS = YES;
				CLANG_WARN_DIRECT_OBJC_ISA_USAGE = YES_ERROR;
				CLANG_WARN_DOCUMENTATION_COMMENTS = YES;
				CLANG_WARN_EMPTY_BODY = YES;
				CLANG_WARN_ENUM_CONVERSION = YES;
				CLANG_WARN_INFINITE_RECURSION = YES;
				CLANG_WARN_INT_CONVERSION = YES;
				CLANG_WARN_NON_LITERAL_NULL_CONVERSION = YES;
				CLANG_WARN_OBJC_IMPLICIT_RETAIN_SELF = YES;
				CLANG_WARN_OBJC_LITERAL_CONVERSION = YES;
				CLANG_WARN_OBJC_ROOT_CLASS = YES_ERROR;
				CLANG_WARN_QUOTED_INCLUDE_IN_FRAMEWORK_HEADER = YES;
				CLANG_WARN_RANGE_LOOP_ANALYSIS = YES;
				CLANG_WARN_STRICT_PROTOTYPES = YES;
				CLANG_WARN_SUSPICIOUS_MOVE = YES;
				CLANG_WARN_UNGUARDED_AVAILABILITY = YES_AGGRESSIVE;
				CLANG_WARN_UNREACHABLE_CODE = YES;
				CLANG_WARN__DUPLICATE_METHOD_MATCH = YES;
				COPY_PHASE_STRIP = NO;
				DEBUG_INFORMATION_FORMAT = "dwarf-with-dsym";
				ENABLE_NS_ASSERTIONS = NO;
				ENABLE_STRICT_OBJC_MSGSEND = YES;
				ENABLE_USER_SCRIPT_SANDBOXING = YES;
				GCC_C_LANGUAGE_STANDARD = gnu17;
				GCC_NO_COMMON_BLOCKS = YES;
				GCC_WARN_64_TO_32_BIT_CONVERSION = YES;
				GCC_WARN_ABOUT_RETURN_TYPE = YES_ERROR;
				GCC_WARN_UNDECLARED_SELECTOR = YES;
				GCC_WARN_UNINITIALIZED_AUTOS = YES_AGGRESSIVE;
				GCC_WARN_UNUSED_FUNCTION = YES;
				GCC_WARN_UNUSED_VARIABLE = YES;
				HEADER_SEARCH_PATHS = (
					"$(PROJECT_DIR)/KASE-Tester/lib",
					"$(PROJECT_DIR)/KASE-Tester/lib/crypto",
				);
				IPHONEOS_DEPLOYMENT_TARGET = 17.5;
				LOCALIZATION_PREFERS_STRING_CATALOGS = YES;
				MTL_ENABLE_DEBUG_INFO = NO;
				MTL_FAST_MATH = YES;
				SDKROOT = iphoneos;
				SWIFT_COMPILATION_MODE = wholemodule;
				VALIDATE_PRODUCT = YES;
			};
			name = Release;
		};
		65FBFAE22E4E39E200759EE3 /* Debug */ = {
			isa = XCBuildConfiguration;
			buildSettings = {
				ASSETCATALOG_COMPILER_APPICON_NAME = AppIcon;
				ASSETCATALOG_COMPILER_GLOBAL_ACCENT_COLOR_NAME = AccentColor;
				"CODE_SIGN_IDENTITY[sdk=iphoneos*]" = "iPhone Developer";
				CODE_SIGN_STYLE = Manual;
				CURRENT_PROJECT_VERSION = 1;
				DEVELOPMENT_ASSET_PATHS = "\"KASE-Tester/Preview Content\"";
				DEVELOPMENT_TEAM = "";
				"DEVELOPMENT_TEAM[sdk=iphoneos*]" = 24XY6SS87S;
				ENABLE_PREVIEWS = YES;
				GENERATE_INFOPLIST_FILE = YES;
				HEADER_SEARCH_PATHS = (
					"$(PROJECT_DIR)/KASE-Tester/lib",
					"$(PROJECT_DIR)/KASE-Tester/lib/crypto",
				);
				INFOPLIST_KEY_UIApplicationSceneManifest_Generation = YES;
				INFOPLIST_KEY_UIApplicationSupportsIndirectInputEvents = YES;
				INFOPLIST_KEY_UILaunchScreen_Generation = YES;
				INFOPLIST_KEY_UISupportedInterfaceOrientations_iPad = "UIInterfaceOrientationPortrait UIInterfaceOrientationPortraitUpsideDown UIInterfaceOrientationLandscapeLeft UIInterfaceOrientationLandscapeRight";
				INFOPLIST_KEY_UISupportedInterfaceOrientations_iPhone = "UIInterfaceOrientationPortrait UIInterfaceOrientationLandscapeLeft UIInterfaceOrientationLandscapeRight";
				LD_RUNPATH_SEARCH_PATHS = (
					"$(inherited)",
					"@executable_path/Frameworks",
				);
				MARKETING_VERSION = 1.0;
				PRODUCT_BUNDLE_IDENTIFIER = "com.solea-innovation.KASE-Tester";
				PRODUCT_NAME = "$(TARGET_NAME)";
				PROVISIONING_PROFILE_SPECIFIER = "";
				"PROVISIONING_PROFILE_SPECIFIER[sdk=iphoneos*]" = "KASE-Tester-Development";
				SWIFT_EMIT_LOC_STRINGS = YES;
				SWIFT_OBJC_BRIDGING_HEADER = "$(PROJECT_DIR)/KASE-Tester/Bridge/kase_wallet-Bridging-Header.h";
				SWIFT_VERSION = 5.0;
				TARGETED_DEVICE_FAMILY = "1,2";
			};
			name = Debug;
		};
		65FBFAE32E4E39E200759EE3 /* Release */ = {
			isa = XCBuildConfiguration;
			buildSettings = {
				ASSETCATALOG_COMPILER_APPICON_NAME = AppIcon;
				ASSETCATALOG_COMPILER_GLOBAL_ACCENT_COLOR_NAME = AccentColor;
				"CODE_SIGN_IDENTITY[sdk=iphoneos*]" = "iPhone Developer";
				CODE_SIGN_STYLE = Manual;
				CURRENT_PROJECT_VERSION = 1;
				DEVELOPMENT_ASSET_PATHS = "\"KASE-Tester/Preview Content\"";
				DEVELOPMENT_TEAM = "";
				"DEVELOPMENT_TEAM[sdk=iphoneos*]" = 24XY6SS87S;
				ENABLE_PREVIEWS = YES;
				GENERATE_INFOPLIST_FILE = YES;
				HEADER_SEARCH_PATHS = (
					"$(PROJECT_DIR)/KASE-Tester/lib",
					"$(PROJECT_DIR)/KASE-Tester/lib/crypto",
				);
				INFOPLIST_KEY_UIApplicationSceneManifest_Generation = YES;
				INFOPLIST_KEY_UIApplicationSupportsIndirectInputEvents = YES;
				INFOPLIST_KEY_UILaunchScreen_Generation = YES;
				INFOPLIST_KEY_UISupportedInterfaceOrientations_iPad = "UIInterfaceOrientationPortrait UIInterfaceOrientationPortraitUpsideDown UIInterfaceOrientationLandscapeLeft UIInterfaceOrientationLandscapeRight";
				INFOPLIST_KEY_UISupportedInterfaceOrientations_iPhone = "UIInterfaceOrientationPortrait UIInterfaceOrientationLandscapeLeft UIInterfaceOrientationLandscapeRight";
				LD_RUNPATH_SEARCH_PATHS = (
					"$(inherited)",
					"@executable_path/Frameworks",
				);
				MARKETING_VERSION = 1.0;
				PRODUCT_BUNDLE_IDENTIFIER = "com.solea-innovation.KASE-Tester";
				PRODUCT_NAME = "$(TARGET_NAME)";
				PROVISIONING_PROFILE_SPECIFIER = "";
				"PROVISIONING_PROFILE_SPECIFIER[sdk=iphoneos*]" = "KASE-Tester-Development";
				SWIFT_EMIT_LOC_STRINGS = YES;
				SWIFT_OBJC_BRIDGING_HEADER = "$(PROJECT_DIR)/KASE-Tester/Bridge/kase_wallet-Bridging-Header.h";
				SWIFT_VERSION = 5.0;
				TARGETED_DEVICE_FAMILY = "1,2";
			};
			name = Release;
		};
		65FBFAE52E4E39E200759EE3 /* Debug */ = {
			isa = XCBuildConfiguration;
			buildSettings = {
				ALWAYS_EMBED_SWIFT_STANDARD_LIBRARIES = YES;
				BUNDLE_LOADER = "$(TEST_HOST)";
				CODE_SIGN_STYLE = Automatic;
				CURRENT_PROJECT_VERSION = 1;
				DEVELOPMENT_TEAM = 24XY6SS87S;
				GENERATE_INFOPLIST_FILE = YES;
				IPHONEOS_DEPLOYMENT_TARGET = 17.5;
				MARKETING_VERSION = 1.0;
				PRODUCT_BUNDLE_IDENTIFIER = "com.solea-innovation.KASE-TesterTests";
				PRODUCT_NAME = "$(TARGET_NAME)";
				SWIFT_EMIT_LOC_STRINGS = NO;
				SWIFT_VERSION = 5.0;
				TARGETED_DEVICE_FAMILY = "1,2";
				TEST_HOST = "$(BUILT_PRODUCTS_DIR)/KASE-Tester.app/$(BUNDLE_EXECUTABLE_FOLDER_PATH)/KASE-Tester";
			};
			name = Debug;
		};
		65FBFAE62E4E39E200759EE3 /* Release */ = {
			isa = XCBuildConfiguration;
			buildSettings = {
				ALWAYS_EMBED_SWIFT_STANDARD_LIBRARIES = YES;
				BUNDLE_LOADER = "$(TEST_HOST)";
				CODE_SIGN_STYLE = Automatic;
				CURRENT_PROJECT_VERSION = 1;
				DEVELOPMENT_TEAM = 24XY6SS87S;
				GENERATE_INFOPLIST_FILE = YES;
				IPHONEOS_DEPLOYMENT_TARGET = 17.5;
				MARKETING_VERSION = 1.0;
				PRODUCT_BUNDLE_IDENTIFIER = "com.solea-innovation.KASE-TesterTests";
				PRODUCT_NAME = "$(TARGET_NAME)";
				SWIFT_EMIT_LOC_STRINGS = NO;
				SWIFT_VERSION = 5.0;
				TARGETED_DEVICE_FAMILY = "1,2";
				TEST_HOST = "$(BUILT_PRODUCTS_DIR)/KASE-Tester.app/$(BUNDLE_EXECUTABLE_FOLDER_PATH)/KASE-Tester";
			};
			name = Release;
		};
		65FBFAE82E4E39E200759EE3 /* Debug */ = {
			isa = XCBuildConfiguration;
			buildSettings = {
				ALWAYS_EMBED_SWIFT_STANDARD_LIBRARIES = YES;
				CODE_SIGN_STYLE = Automatic;
				CURRENT_PROJECT_VERSION = 1;
				DEVELOPMENT_TEAM = 24XY6SS87S;
				GENERATE_INFOPLIST_FILE = YES;
				MARKETING_VERSION = 1.0;
				PRODUCT_BUNDLE_IDENTIFIER = "com.solea-innovation.KASE-TesterUITests";
				PRODUCT_NAME = "$(TARGET_NAME)";
				SWIFT_EMIT_LOC_STRINGS = NO;
				SWIFT_VERSION = 5.0;
				TARGETED_DEVICE_FAMILY = "1,2";
				TEST_TARGET_NAME = "KASE-Tester";
			};
			name = Debug;
		};
		65FBFAE92E4E39E200759EE3 /* Release */ = {
			isa = XCBuildConfiguration;
			buildSettings = {
				ALWAYS_EMBED_SWIFT_STANDARD_LIBRARIES = YES;
				CODE_SIGN_STYLE = Automatic;
				CURRENT_PROJECT_VERSION = 1;
				DEVELOPMENT_TEAM = 24XY6SS87S;
				GENERATE_INFOPLIST_FILE = YES;
				MARKETING_VERSION = 1.0;
				PRODUCT_BUNDLE_IDENTIFIER = "com.solea-innovation.KASE-TesterUITests";
				PRODUCT_NAME = "$(TARGET_NAME)";
				SWIFT_EMIT_LOC_STRINGS = NO;
				SWIFT_VERSION = 5.0;
				TARGETED_DEVICE_FAMILY = "1,2";
				TEST_TARGET_NAME = "KASE-Tester";
			};
			name = Release;
		};
/* End XCBuildConfiguration section */

/* Begin XCConfigurationList section */
		65FBFAB82E4E39DF00759EE3 /* Build configuration list for PBXProject "KASE-Tester" */ = {
			isa = XCConfigurationList;
			buildConfigurations = (
				65FBFADF2E4E39E200759EE3 /* Debug */,
				65FBFAE02E4E39E200759EE3 /* Release */,
			);
			defaultConfigurationIsVisible = 0;
			defaultConfigurationName = Release;
		};
		65FBFAE12E4E39E200759EE3 /* Build configuration list for PBXNativeTarget "KASE-Tester" */ = {
			isa = XCConfigurationList;
			buildConfigurations = (
				65FBFAE22E4E39E200759EE3 /* Debug */,
				65FBFAE32E4E39E200759EE3 /* Release */,
			);
			defaultConfigurationIsVisible = 0;
			defaultConfigurationName = Release;
		};
		65FBFAE42E4E39E200759EE3 /* Build configuration list for PBXNativeTarget "KASE-TesterTests" */ = {
			isa = XCConfigurationList;
			buildConfigurations = (
				65FBFAE52E4E39E200759EE3 /* Debug */,
				65FBFAE62E4E39E200759EE3 /* Release */,
			);
			defaultConfigurationIsVisible = 0;
			defaultConfigurationName = Release;
		};
		65FBFAE72E4E39E200759EE3 /* Build configuration list for PBXNativeTarget "KASE-TesterUITests" */ = {
			isa = XCConfigurationList;
			buildConfigurations = (
				65FBFAE82E4E39E200759EE3 /* Debug */,
				65FBFAE92E4E39E200759EE3 /* Release */,
			);
			defaultConfigurationIsVisible = 0;
			defaultConfigurationName = Release;
		};
/* End XCConfigurationList section */
	};
	rootObject = 65FBFAB52E4E39DF00759EE3 /* Project object */;
}
